
Microsoft Visual Studio Solution File, Format Version 12.00
# Visual Studio Version 17
VisualStudioVersion = 17.10.35013.160
MinimumVisualStudioVersion = 10.0.40219.1
Project("{8BC9CEB8-8B4A-11D0-8D11-00A0C91BC942}") = "main", "main\main.vcxproj", "{2EC01465-CB22-49F2-800B-8E14BEF7055E}"
EndProject
Global
	GlobalSection(SolutionConfigurationPlatforms) = preSolution
		Debug|x64 = Debug|x64
		Debug|x86 = Debug|x86
		Release|x64 = Release|x64
		Release|x86 = Release|x86
	EndGlobalSection
	GlobalSection(ProjectConfigurationPlatforms) = postSolution
		{2EC01465-CB22-49F2-800B-8E14BEF7055E}.Debug|x64.ActiveCfg = Debug|x64
		{2EC01465-CB22-49F2-800B-8E14BEF7055E}.Debug|x64.Build.0 = Debug|x64
		{2EC01465-CB22-49F2-800B-8E14BEF7055E}.Debug|x86.ActiveCfg = Debug|Win32
		{2EC01465-CB22-49F2-800B-8E14BEF7055E}.Debug|x86.Build.0 = Debug|Win32
		{2EC01465-CB22-49F2-800B-8E14BEF7055E}.Release|x64.ActiveCfg = Release|x64
		{2EC01465-CB22-49F2-800B-8E14BEF7055E}.Release|x64.Build.0 = Release|x64
		{2EC01465-CB22-49F2-800B-8E14BEF7055E}.Release|x86.ActiveCfg = Release|Win32
		{2EC01465-CB22-49F2-800B-8E14BEF7055E}.Release|x86.Build.0 = Release|Win32
	EndGlobalSection
	GlobalSection(SolutionProperties) = preSolution
		HideSolutionNode = FALSE
	EndGlobalSection
	GlobalSection(ExtensibilityGlobals) = postSolution
		SolutionGuid = {96608884-9C04-42BF-BC72-897684F3EA80}
	EndGlobalSection
EndGlobal
